{
  "version": 4,
  "terraform_version": "0.12.29",
  "serial": 366,
  "lineage": "47b3d8b6-030f-3e21-41ce-1a1d18922043",
  "outputs": {},
  "resources": [
    {
      "mode": "managed",
      "type": "azurerm_managed_disk",
      "name": "nfs",
      "provider": "provider.azurerm",
      "instances": [
        {
          "schema_version": 0,
          "attributes": {
            "create_option": "Empty",
            "disk_encryption_set_id": "",
            "disk_iops_read_write": 500,
            "disk_mbps_read_write": 60,
            "disk_size_gb": 10,
            "encryption_settings": [],
            "id": "/subscriptions/cf3e9f6d-fac4-4695-94a8-8d19dd9e753e/resourceGroups/kubernetes-cluster/providers/Microsoft.Compute/disks/k8sdisk-master",
            "image_reference_id": "",
            "location": "westus2",
            "name": "k8sdisk-master",
            "os_type": "",
            "resource_group_name": "kubernetes-cluster",
            "source_resource_id": "",
            "source_uri": "",
            "storage_account_id": "",
            "storage_account_type": "Standard_LRS",
            "tags": {},
            "timeouts": null,
            "zones": []
          },
          "private": "eyJlMmJmYjczMC1lY2FhLTExZTYtOGY4OC0zNDM2M2JjN2M0YzAiOnsiY3JlYXRlIjoxODAwMDAwMDAwMDAwLCJkZWxldGUiOjE4MDAwMDAwMDAwMDAsInJlYWQiOjMwMDAwMDAwMDAwMCwidXBkYXRlIjoxODAwMDAwMDAwMDAwfX0=",
          "dependencies": [
            "azurerm_resource_group.k8s"
          ]
        }
      ]
    },
    {
      "mode": "managed",
      "type": "azurerm_network_interface",
      "name": "bastion",
      "provider": "provider.azurerm",
      "instances": [
        {
          "schema_version": 0,
          "attributes": {
            "applied_dns_servers": [],
            "dns_servers": [],
            "enable_accelerated_networking": false,
            "enable_ip_forwarding": false,
            "id": "/subscriptions/cf3e9f6d-fac4-4695-94a8-8d19dd9e753e/resourceGroups/kubernetes-cluster/providers/Microsoft.Network/networkInterfaces/k8s-bastion",
            "internal_dns_name_label": "",
            "internal_domain_name_suffix": "22vxnut3nigubfshx1np4fatfg.xx.internal.cloudapp.net",
            "ip_configuration": [
              {
                "name": "bastionsconfiguration1",
                "primary": true,
                "private_ip_address": "192.168.2.4",
                "private_ip_address_allocation": "Dynamic",
                "private_ip_address_version": "IPv4",
                "public_ip_address_id": "/subscriptions/cf3e9f6d-fac4-4695-94a8-8d19dd9e753e/resourceGroups/kubernetes-cluster/providers/Microsoft.Network/publicIPAddresses/bastionpip",
                "subnet_id": "/subscriptions/cf3e9f6d-fac4-4695-94a8-8d19dd9e753e/resourceGroups/kubernetes-cluster/providers/Microsoft.Network/virtualNetworks/k8s-network/subnets/k8s"
              }
            ],
            "location": "westus2",
            "mac_address": "00-0D-3A-C3-16-1D",
            "name": "k8s-bastion",
            "private_ip_address": "192.168.2.4",
            "private_ip_addresses": [
              "192.168.2.4"
            ],
            "resource_group_name": "kubernetes-cluster",
            "tags": {},
            "timeouts": null,
            "virtual_machine_id": "/subscriptions/cf3e9f6d-fac4-4695-94a8-8d19dd9e753e/resourceGroups/kubernetes-cluster/providers/Microsoft.Compute/virtualMachines/bastion"
          },
          "private": "eyJlMmJmYjczMC1lY2FhLTExZTYtOGY4OC0zNDM2M2JjN2M0YzAiOnsiY3JlYXRlIjoxODAwMDAwMDAwMDAwLCJkZWxldGUiOjE4MDAwMDAwMDAwMDAsInJlYWQiOjMwMDAwMDAwMDAwMCwidXBkYXRlIjoxODAwMDAwMDAwMDAwfX0=",
          "dependencies": [
            "azurerm_public_ip.bastion",
            "azurerm_resource_group.k8s",
            "azurerm_subnet.k8s",
            "azurerm_virtual_network.k8s"
          ]
        }
      ]
    },
    {
      "mode": "managed",
      "type": "azurerm_network_interface",
      "name": "k8s",
      "provider": "provider.azurerm",
      "instances": [
        {
          "schema_version": 0,
          "attributes": {
            "applied_dns_servers": [],
            "dns_servers": [],
            "enable_accelerated_networking": false,
            "enable_ip_forwarding": false,
            "id": "/subscriptions/cf3e9f6d-fac4-4695-94a8-8d19dd9e753e/resourceGroups/kubernetes-cluster/providers/Microsoft.Network/networkInterfaces/k8sif-master",
            "internal_dns_name_label": "",
            "internal_domain_name_suffix": "22vxnut3nigubfshx1np4fatfg.xx.internal.cloudapp.net",
            "ip_configuration": [
              {
                "name": "k8sconfiguration1",
                "primary": true,
                "private_ip_address": "192.168.2.110",
                "private_ip_address_allocation": "Static",
                "private_ip_address_version": "IPv4",
                "public_ip_address_id": "",
                "subnet_id": "/subscriptions/cf3e9f6d-fac4-4695-94a8-8d19dd9e753e/resourceGroups/kubernetes-cluster/providers/Microsoft.Network/virtualNetworks/k8s-network/subnets/k8s"
              }
            ],
            "location": "westus2",
            "mac_address": "00-0D-3A-FC-39-55",
            "name": "k8sif-master",
            "private_ip_address": "192.168.2.110",
            "private_ip_addresses": [
              "192.168.2.110"
            ],
            "resource_group_name": "kubernetes-cluster",
            "tags": {},
            "timeouts": null,
            "virtual_machine_id": "/subscriptions/cf3e9f6d-fac4-4695-94a8-8d19dd9e753e/resourceGroups/kubernetes-cluster/providers/Microsoft.Compute/virtualMachines/k8svm"
          },
          "private": "eyJlMmJmYjczMC1lY2FhLTExZTYtOGY4OC0zNDM2M2JjN2M0YzAiOnsiY3JlYXRlIjoxODAwMDAwMDAwMDAwLCJkZWxldGUiOjE4MDAwMDAwMDAwMDAsInJlYWQiOjMwMDAwMDAwMDAwMCwidXBkYXRlIjoxODAwMDAwMDAwMDAwfX0=",
          "dependencies": [
            "azurerm_resource_group.k8s",
            "azurerm_subnet.k8s",
            "azurerm_virtual_network.k8s"
          ]
        }
      ]
    },
    {
      "mode": "managed",
      "type": "azurerm_network_interface",
      "name": "nfs",
      "provider": "provider.azurerm",
      "instances": [
        {
          "schema_version": 0,
          "attributes": {
            "applied_dns_servers": [],
            "dns_servers": [],
            "enable_accelerated_networking": false,
            "enable_ip_forwarding": false,
            "id": "/subscriptions/cf3e9f6d-fac4-4695-94a8-8d19dd9e753e/resourceGroups/kubernetes-cluster/providers/Microsoft.Network/networkInterfaces/k8network-nfs",
            "internal_dns_name_label": "",
            "internal_domain_name_suffix": "22vxnut3nigubfshx1np4fatfg.xx.internal.cloudapp.net",
            "ip_configuration": [
              {
                "name": "k8sconfiguration1",
                "primary": true,
                "private_ip_address": "192.168.2.115",
                "private_ip_address_allocation": "Static",
                "private_ip_address_version": "IPv4",
                "public_ip_address_id": "",
                "subnet_id": "/subscriptions/cf3e9f6d-fac4-4695-94a8-8d19dd9e753e/resourceGroups/kubernetes-cluster/providers/Microsoft.Network/virtualNetworks/k8s-network/subnets/k8s"
              }
            ],
            "location": "westus2",
            "mac_address": "00-0D-3A-C4-B6-DD",
            "name": "k8network-nfs",
            "private_ip_address": "192.168.2.115",
            "private_ip_addresses": [
              "192.168.2.115"
            ],
            "resource_group_name": "kubernetes-cluster",
            "tags": {},
            "timeouts": null,
            "virtual_machine_id": "/subscriptions/cf3e9f6d-fac4-4695-94a8-8d19dd9e753e/resourceGroups/kubernetes-cluster/providers/Microsoft.Compute/virtualMachines/nfsvm"
          },
          "private": "eyJlMmJmYjczMC1lY2FhLTExZTYtOGY4OC0zNDM2M2JjN2M0YzAiOnsiY3JlYXRlIjoxODAwMDAwMDAwMDAwLCJkZWxldGUiOjE4MDAwMDAwMDAwMDAsInJlYWQiOjMwMDAwMDAwMDAwMCwidXBkYXRlIjoxODAwMDAwMDAwMDAwfX0=",
          "dependencies": [
            "azurerm_resource_group.k8s",
            "azurerm_subnet.k8s",
            "azurerm_virtual_network.k8s"
          ]
        }
      ]
    },
    {
      "mode": "managed",
      "type": "azurerm_network_interface",
      "name": "worker01",
      "provider": "provider.azurerm",
      "instances": [
        {
          "schema_version": 0,
          "attributes": {
            "applied_dns_servers": [],
            "dns_servers": [],
            "enable_accelerated_networking": false,
            "enable_ip_forwarding": false,
            "id": "/subscriptions/cf3e9f6d-fac4-4695-94a8-8d19dd9e753e/resourceGroups/kubernetes-cluster/providers/Microsoft.Network/networkInterfaces/k8network-worker01",
            "internal_dns_name_label": "",
            "internal_domain_name_suffix": "22vxnut3nigubfshx1np4fatfg.xx.internal.cloudapp.net",
            "ip_configuration": [
              {
                "name": "k8sconfiguration1",
                "primary": true,
                "private_ip_address": "192.168.2.111",
                "private_ip_address_allocation": "Static",
                "private_ip_address_version": "IPv4",
                "public_ip_address_id": "",
                "subnet_id": "/subscriptions/cf3e9f6d-fac4-4695-94a8-8d19dd9e753e/resourceGroups/kubernetes-cluster/providers/Microsoft.Network/virtualNetworks/k8s-network/subnets/k8s"
              }
            ],
            "location": "westus2",
            "mac_address": "00-0D-3A-FC-66-4E",
            "name": "k8network-worker01",
            "private_ip_address": "192.168.2.111",
            "private_ip_addresses": [
              "192.168.2.111"
            ],
            "resource_group_name": "kubernetes-cluster",
            "tags": {},
            "timeouts": null,
            "virtual_machine_id": "/subscriptions/cf3e9f6d-fac4-4695-94a8-8d19dd9e753e/resourceGroups/kubernetes-cluster/providers/Microsoft.Compute/virtualMachines/worker01vm"
          },
          "private": "eyJlMmJmYjczMC1lY2FhLTExZTYtOGY4OC0zNDM2M2JjN2M0YzAiOnsiY3JlYXRlIjoxODAwMDAwMDAwMDAwLCJkZWxldGUiOjE4MDAwMDAwMDAwMDAsInJlYWQiOjMwMDAwMDAwMDAwMCwidXBkYXRlIjoxODAwMDAwMDAwMDAwfX0=",
          "dependencies": [
            "azurerm_resource_group.k8s",
            "azurerm_subnet.k8s",
            "azurerm_virtual_network.k8s"
          ]
        }
      ]
    },
    {
      "mode": "managed",
      "type": "azurerm_network_interface",
      "name": "worker02",
      "provider": "provider.azurerm",
      "instances": [
        {
          "schema_version": 0,
          "attributes": {
            "applied_dns_servers": [],
            "dns_servers": [],
            "enable_accelerated_networking": false,
            "enable_ip_forwarding": false,
            "id": "/subscriptions/cf3e9f6d-fac4-4695-94a8-8d19dd9e753e/resourceGroups/kubernetes-cluster/providers/Microsoft.Network/networkInterfaces/k8network-worker02",
            "internal_dns_name_label": "",
            "internal_domain_name_suffix": "22vxnut3nigubfshx1np4fatfg.xx.internal.cloudapp.net",
            "ip_configuration": [
              {
                "name": "k8sconfiguration1",
                "primary": true,
                "private_ip_address": "192.168.2.112",
                "private_ip_address_allocation": "Static",
                "private_ip_address_version": "IPv4",
                "public_ip_address_id": "",
                "subnet_id": "/subscriptions/cf3e9f6d-fac4-4695-94a8-8d19dd9e753e/resourceGroups/kubernetes-cluster/providers/Microsoft.Network/virtualNetworks/k8s-network/subnets/k8s"
              }
            ],
            "location": "westus2",
            "mac_address": "00-0D-3A-C4-B4-51",
            "name": "k8network-worker02",
            "private_ip_address": "192.168.2.112",
            "private_ip_addresses": [
              "192.168.2.112"
            ],
            "resource_group_name": "kubernetes-cluster",
            "tags": {},
            "timeouts": null,
            "virtual_machine_id": "/subscriptions/cf3e9f6d-fac4-4695-94a8-8d19dd9e753e/resourceGroups/kubernetes-cluster/providers/Microsoft.Compute/virtualMachines/worker02vm"
          },
          "private": "eyJlMmJmYjczMC1lY2FhLTExZTYtOGY4OC0zNDM2M2JjN2M0YzAiOnsiY3JlYXRlIjoxODAwMDAwMDAwMDAwLCJkZWxldGUiOjE4MDAwMDAwMDAwMDAsInJlYWQiOjMwMDAwMDAwMDAwMCwidXBkYXRlIjoxODAwMDAwMDAwMDAwfX0=",
          "dependencies": [
            "azurerm_resource_group.k8s",
            "azurerm_subnet.k8s",
            "azurerm_virtual_network.k8s"
          ]
        }
      ]
    },
    {
      "mode": "managed",
      "type": "azurerm_public_ip",
      "name": "bastion",
      "provider": "provider.azurerm",
      "instances": [
        {
          "schema_version": 0,
          "attributes": {
            "allocation_method": "Static",
            "domain_name_label": null,
            "fqdn": null,
            "id": "/subscriptions/cf3e9f6d-fac4-4695-94a8-8d19dd9e753e/resourceGroups/kubernetes-cluster/providers/Microsoft.Network/publicIPAddresses/bastionpip",
            "idle_timeout_in_minutes": 4,
            "ip_address": "52.250.124.122",
            "ip_version": "IPv4",
            "location": "westus2",
            "name": "bastionpip",
            "public_ip_prefix_id": null,
            "resource_group_name": "kubernetes-cluster",
            "reverse_fqdn": null,
            "sku": "Basic",
            "tags": {},
            "timeouts": null,
            "zones": []
          },
          "private": "eyJlMmJmYjczMC1lY2FhLTExZTYtOGY4OC0zNDM2M2JjN2M0YzAiOnsiY3JlYXRlIjoxODAwMDAwMDAwMDAwLCJkZWxldGUiOjE4MDAwMDAwMDAwMDAsInJlYWQiOjMwMDAwMDAwMDAwMCwidXBkYXRlIjoxODAwMDAwMDAwMDAwfX0=",
          "dependencies": [
            "azurerm_resource_group.k8s"
          ]
        }
      ]
    },
    {
      "mode": "managed",
      "type": "azurerm_resource_group",
      "name": "k8s",
      "provider": "provider.azurerm",
      "instances": [
        {
          "schema_version": 0,
          "attributes": {
            "id": "/subscriptions/cf3e9f6d-fac4-4695-94a8-8d19dd9e753e/resourceGroups/kubernetes-cluster",
            "location": "westus2",
            "name": "kubernetes-cluster",
            "tags": {},
            "timeouts": null
          },
          "private": "eyJlMmJmYjczMC1lY2FhLTExZTYtOGY4OC0zNDM2M2JjN2M0YzAiOnsiY3JlYXRlIjo1NDAwMDAwMDAwMDAwLCJkZWxldGUiOjU0MDAwMDAwMDAwMDAsInJlYWQiOjMwMDAwMDAwMDAwMCwidXBkYXRlIjo1NDAwMDAwMDAwMDAwfX0="
        }
      ]
    },
    {
      "mode": "managed",
      "type": "azurerm_subnet",
      "name": "k8s",
      "provider": "provider.azurerm",
      "instances": [
        {
          "schema_version": 0,
          "attributes": {
            "address_prefix": "192.168.2.0/24",
            "address_prefixes": [
              "192.168.2.0/24"
            ],
            "delegation": [],
            "enforce_private_link_endpoint_network_policies": false,
            "enforce_private_link_service_network_policies": false,
            "id": "/subscriptions/cf3e9f6d-fac4-4695-94a8-8d19dd9e753e/resourceGroups/kubernetes-cluster/providers/Microsoft.Network/virtualNetworks/k8s-network/subnets/k8s",
            "name": "k8s",
            "resource_group_name": "kubernetes-cluster",
            "service_endpoint_policy_ids": [],
            "service_endpoints": [],
            "timeouts": null,
            "virtual_network_name": "k8s-network"
          },
          "private": "eyJlMmJmYjczMC1lY2FhLTExZTYtOGY4OC0zNDM2M2JjN2M0YzAiOnsiY3JlYXRlIjoxODAwMDAwMDAwMDAwLCJkZWxldGUiOjE4MDAwMDAwMDAwMDAsInJlYWQiOjMwMDAwMDAwMDAwMCwidXBkYXRlIjoxODAwMDAwMDAwMDAwfX0=",
          "dependencies": [
            "azurerm_resource_group.k8s",
            "azurerm_virtual_network.k8s"
          ]
        }
      ]
    },
    {
      "mode": "managed",
      "type": "azurerm_virtual_machine",
      "name": "bastion",
      "provider": "provider.azurerm",
      "instances": [
        {
          "schema_version": 0,
          "attributes": {
            "additional_capabilities": [],
            "availability_set_id": null,
            "boot_diagnostics": [],
            "delete_data_disks_on_termination": true,
            "delete_os_disk_on_termination": true,
            "id": "/subscriptions/cf3e9f6d-fac4-4695-94a8-8d19dd9e753e/resourceGroups/kubernetes-cluster/providers/Microsoft.Compute/virtualMachines/bastion",
            "identity": [],
            "license_type": null,
            "location": "westus2",
            "name": "bastion",
            "network_interface_ids": [
              "/subscriptions/cf3e9f6d-fac4-4695-94a8-8d19dd9e753e/resourceGroups/kubernetes-cluster/providers/Microsoft.Network/networkInterfaces/k8s-bastion"
            ],
            "os_profile": [
              {
                "admin_password": "",
                "admin_username": "abel",
                "computer_name": "bastion",
                "custom_data": ""
              }
            ],
            "os_profile_linux_config": [
              {
                "disable_password_authentication": true,
                "ssh_keys": [
                  {
                    "key_data": "ssh-rsa AAAAB3NzaC1yc2EAAAADAQABAAABAQCxo7zFCPs98l5sgcWo7ndnT/OgvvCratVjsq1QPSr7ZUs824l+BPB1Ojtu3jf/y0fkCoLQ3hdTbRHRbuJJQVN3Jli+VS9Dp8+QkwPhPZBcBfIhCJkVhX1axQgxl3a/2AVwuHk8IPYw09tZ6+DfFhyLv7BS7UI1+fA4LEb/z1Kl/KkMuNalIIaOmEh992G4fBzdsO9sMDDCqGDi7/DuaymFPOaJ6ZpSPF58lu7l6MPlJoZiKklJ8C6xIhso1Z3U+hi2VAdJf48JUL36rXQ8EPHbeZY6+8i1FMSbqUHzFnbgE7v6oh0nPHxJI3bookRwOeDd72Uivk9lw8WNFoqoPhup abel@localhost.localdomain\n",
                    "path": "/home/abel/.ssh/authorized_keys"
                  }
                ]
              }
            ],
            "os_profile_secrets": [],
            "os_profile_windows_config": [],
            "plan": [],
            "primary_network_interface_id": null,
            "proximity_placement_group_id": null,
            "resource_group_name": "kubernetes-cluster",
            "storage_data_disk": [],
            "storage_image_reference": [
              {
                "id": "",
                "offer": "CentOS",
                "publisher": "OpenLogic",
                "sku": "8_3",
                "version": "latest"
              }
            ],
            "storage_os_disk": [
              {
                "caching": "ReadWrite",
                "create_option": "FromImage",
                "disk_size_gb": 30,
                "image_uri": "",
                "managed_disk_id": "/subscriptions/cf3e9f6d-fac4-4695-94a8-8d19dd9e753e/resourceGroups/kubernetes-cluster/providers/Microsoft.Compute/disks/bastion",
                "managed_disk_type": "Standard_LRS",
                "name": "bastion",
                "os_type": "Linux",
                "vhd_uri": "",
                "write_accelerator_enabled": false
              }
            ],
            "tags": {
              "Auto_Shutdown": "no",
              "environment": "staging"
            },
            "timeouts": null,
            "vm_size": "Standard_B1ms",
            "zones": []
          },
          "private": "eyJlMmJmYjczMC1lY2FhLTExZTYtOGY4OC0zNDM2M2JjN2M0YzAiOnsiY3JlYXRlIjozNjAwMDAwMDAwMDAwLCJkZWxldGUiOjM2MDAwMDAwMDAwMDAsInJlYWQiOjMwMDAwMDAwMDAwMCwidXBkYXRlIjozNjAwMDAwMDAwMDAwfX0=",
          "dependencies": [
            "azurerm_network_interface.bastion",
            "azurerm_public_ip.bastion",
            "azurerm_resource_group.k8s",
            "azurerm_subnet.k8s",
            "azurerm_virtual_network.k8s"
          ]
        }
      ]
    },
    {
      "mode": "managed",
      "type": "azurerm_virtual_machine",
      "name": "k8s",
      "provider": "provider.azurerm",
      "instances": [
        {
          "schema_version": 0,
          "attributes": {
            "additional_capabilities": [],
            "availability_set_id": null,
            "boot_diagnostics": [],
            "delete_data_disks_on_termination": true,
            "delete_os_disk_on_termination": true,
            "id": "/subscriptions/cf3e9f6d-fac4-4695-94a8-8d19dd9e753e/resourceGroups/kubernetes-cluster/providers/Microsoft.Compute/virtualMachines/k8svm",
            "identity": [],
            "license_type": null,
            "location": "westus2",
            "name": "k8svm",
            "network_interface_ids": [
              "/subscriptions/cf3e9f6d-fac4-4695-94a8-8d19dd9e753e/resourceGroups/kubernetes-cluster/providers/Microsoft.Network/networkInterfaces/k8sif-master"
            ],
            "os_profile": [
              {
                "admin_password": "",
                "admin_username": "abel",
                "computer_name": "k8s-master",
                "custom_data": ""
              }
            ],
            "os_profile_linux_config": [
              {
                "disable_password_authentication": true,
                "ssh_keys": [
                  {
                    "key_data": "ssh-rsa AAAAB3NzaC1yc2EAAAADAQABAAABAQCxo7zFCPs98l5sgcWo7ndnT/OgvvCratVjsq1QPSr7ZUs824l+BPB1Ojtu3jf/y0fkCoLQ3hdTbRHRbuJJQVN3Jli+VS9Dp8+QkwPhPZBcBfIhCJkVhX1axQgxl3a/2AVwuHk8IPYw09tZ6+DfFhyLv7BS7UI1+fA4LEb/z1Kl/KkMuNalIIaOmEh992G4fBzdsO9sMDDCqGDi7/DuaymFPOaJ6ZpSPF58lu7l6MPlJoZiKklJ8C6xIhso1Z3U+hi2VAdJf48JUL36rXQ8EPHbeZY6+8i1FMSbqUHzFnbgE7v6oh0nPHxJI3bookRwOeDd72Uivk9lw8WNFoqoPhup abel@localhost.localdomain\n",
                    "path": "/home/abel/.ssh/authorized_keys"
                  }
                ]
              }
            ],
            "os_profile_secrets": [],
            "os_profile_windows_config": [],
            "plan": [],
            "primary_network_interface_id": null,
            "proximity_placement_group_id": null,
            "resource_group_name": "kubernetes-cluster",
            "storage_data_disk": [],
            "storage_image_reference": [
              {
                "id": "",
                "offer": "CentOS",
                "publisher": "OpenLogic",
                "sku": "8_3",
                "version": "latest"
              }
            ],
            "storage_os_disk": [
              {
                "caching": "ReadWrite",
                "create_option": "FromImage",
                "disk_size_gb": 30,
                "image_uri": "",
                "managed_disk_id": "/subscriptions/cf3e9f6d-fac4-4695-94a8-8d19dd9e753e/resourceGroups/kubernetes-cluster/providers/Microsoft.Compute/disks/k8svmosdisk",
                "managed_disk_type": "Standard_LRS",
                "name": "k8svmosdisk",
                "os_type": "Linux",
                "vhd_uri": "",
                "write_accelerator_enabled": false
              }
            ],
            "tags": {
              "environment": "staging"
            },
            "timeouts": null,
            "vm_size": "Standard_DS2_v2",
            "zones": []
          },
          "private": "eyJlMmJmYjczMC1lY2FhLTExZTYtOGY4OC0zNDM2M2JjN2M0YzAiOnsiY3JlYXRlIjozNjAwMDAwMDAwMDAwLCJkZWxldGUiOjM2MDAwMDAwMDAwMDAsInJlYWQiOjMwMDAwMDAwMDAwMCwidXBkYXRlIjozNjAwMDAwMDAwMDAwfX0=",
          "dependencies": [
            "azurerm_network_interface.k8s",
            "azurerm_resource_group.k8s",
            "azurerm_subnet.k8s",
            "azurerm_virtual_network.k8s"
          ]
        }
      ]
    },
    {
      "mode": "managed",
      "type": "azurerm_virtual_machine",
      "name": "nfs",
      "provider": "provider.azurerm",
      "instances": [
        {
          "schema_version": 0,
          "attributes": {
            "additional_capabilities": [],
            "availability_set_id": null,
            "boot_diagnostics": [],
            "delete_data_disks_on_termination": true,
            "delete_os_disk_on_termination": true,
            "id": "/subscriptions/cf3e9f6d-fac4-4695-94a8-8d19dd9e753e/resourceGroups/kubernetes-cluster/providers/Microsoft.Compute/virtualMachines/nfsvm",
            "identity": [],
            "license_type": null,
            "location": "westus2",
            "name": "nfsvm",
            "network_interface_ids": [
              "/subscriptions/cf3e9f6d-fac4-4695-94a8-8d19dd9e753e/resourceGroups/kubernetes-cluster/providers/Microsoft.Network/networkInterfaces/k8network-nfs"
            ],
            "os_profile": [
              {
                "admin_password": "",
                "admin_username": "abel",
                "computer_name": "nfs",
                "custom_data": ""
              }
            ],
            "os_profile_linux_config": [
              {
                "disable_password_authentication": true,
                "ssh_keys": [
                  {
                    "key_data": "ssh-rsa AAAAB3NzaC1yc2EAAAADAQABAAABAQCxo7zFCPs98l5sgcWo7ndnT/OgvvCratVjsq1QPSr7ZUs824l+BPB1Ojtu3jf/y0fkCoLQ3hdTbRHRbuJJQVN3Jli+VS9Dp8+QkwPhPZBcBfIhCJkVhX1axQgxl3a/2AVwuHk8IPYw09tZ6+DfFhyLv7BS7UI1+fA4LEb/z1Kl/KkMuNalIIaOmEh992G4fBzdsO9sMDDCqGDi7/DuaymFPOaJ6ZpSPF58lu7l6MPlJoZiKklJ8C6xIhso1Z3U+hi2VAdJf48JUL36rXQ8EPHbeZY6+8i1FMSbqUHzFnbgE7v6oh0nPHxJI3bookRwOeDd72Uivk9lw8WNFoqoPhup abel@localhost.localdomain\n",
                    "path": "/home/abel/.ssh/authorized_keys"
                  }
                ]
              }
            ],
            "os_profile_secrets": [],
            "os_profile_windows_config": [],
            "plan": [],
            "primary_network_interface_id": null,
            "proximity_placement_group_id": null,
            "resource_group_name": "kubernetes-cluster",
            "storage_data_disk": [
              {
                "caching": "None",
                "create_option": "Attach",
                "disk_size_gb": 10,
                "lun": 0,
                "managed_disk_id": "/subscriptions/cf3e9f6d-fac4-4695-94a8-8d19dd9e753e/resourceGroups/kubernetes-cluster/providers/Microsoft.Compute/disks/k8sdisk-master",
                "managed_disk_type": "Standard_LRS",
                "name": "k8sdisk-master",
                "vhd_uri": "",
                "write_accelerator_enabled": false
              }
            ],
            "storage_image_reference": [
              {
                "id": "",
                "offer": "CentOS",
                "publisher": "OpenLogic",
                "sku": "8_3",
                "version": "latest"
              }
            ],
            "storage_os_disk": [
              {
                "caching": "ReadWrite",
                "create_option": "FromImage",
                "disk_size_gb": 30,
                "image_uri": "",
                "managed_disk_id": "/subscriptions/cf3e9f6d-fac4-4695-94a8-8d19dd9e753e/resourceGroups/kubernetes-cluster/providers/Microsoft.Compute/disks/nfsvmosdisk",
                "managed_disk_type": "Standard_LRS",
                "name": "nfsvmosdisk",
                "os_type": "Linux",
                "vhd_uri": "",
                "write_accelerator_enabled": false
              }
            ],
            "tags": {
              "environment": "staging"
            },
            "timeouts": null,
            "vm_size": "Standard_B1ms",
            "zones": []
          },
          "private": "eyJlMmJmYjczMC1lY2FhLTExZTYtOGY4OC0zNDM2M2JjN2M0YzAiOnsiY3JlYXRlIjozNjAwMDAwMDAwMDAwLCJkZWxldGUiOjM2MDAwMDAwMDAwMDAsInJlYWQiOjMwMDAwMDAwMDAwMCwidXBkYXRlIjozNjAwMDAwMDAwMDAwfX0=",
          "dependencies": [
            "azurerm_managed_disk.nfs",
            "azurerm_network_interface.nfs",
            "azurerm_resource_group.k8s"
          ]
        }
      ]
    },
    {
      "mode": "managed",
      "type": "azurerm_virtual_machine",
      "name": "worker01",
      "provider": "provider.azurerm",
      "instances": [
        {
          "schema_version": 0,
          "attributes": {
            "additional_capabilities": [],
            "availability_set_id": null,
            "boot_diagnostics": [],
            "delete_data_disks_on_termination": true,
            "delete_os_disk_on_termination": true,
            "id": "/subscriptions/cf3e9f6d-fac4-4695-94a8-8d19dd9e753e/resourceGroups/kubernetes-cluster/providers/Microsoft.Compute/virtualMachines/worker01vm",
            "identity": [],
            "license_type": null,
            "location": "westus2",
            "name": "worker01vm",
            "network_interface_ids": [
              "/subscriptions/cf3e9f6d-fac4-4695-94a8-8d19dd9e753e/resourceGroups/kubernetes-cluster/providers/Microsoft.Network/networkInterfaces/k8network-worker01"
            ],
            "os_profile": [
              {
                "admin_password": "",
                "admin_username": "abel",
                "computer_name": "worker01",
                "custom_data": ""
              }
            ],
            "os_profile_linux_config": [
              {
                "disable_password_authentication": true,
                "ssh_keys": [
                  {
                    "key_data": "ssh-rsa AAAAB3NzaC1yc2EAAAADAQABAAABAQCxo7zFCPs98l5sgcWo7ndnT/OgvvCratVjsq1QPSr7ZUs824l+BPB1Ojtu3jf/y0fkCoLQ3hdTbRHRbuJJQVN3Jli+VS9Dp8+QkwPhPZBcBfIhCJkVhX1axQgxl3a/2AVwuHk8IPYw09tZ6+DfFhyLv7BS7UI1+fA4LEb/z1Kl/KkMuNalIIaOmEh992G4fBzdsO9sMDDCqGDi7/DuaymFPOaJ6ZpSPF58lu7l6MPlJoZiKklJ8C6xIhso1Z3U+hi2VAdJf48JUL36rXQ8EPHbeZY6+8i1FMSbqUHzFnbgE7v6oh0nPHxJI3bookRwOeDd72Uivk9lw8WNFoqoPhup abel@localhost.localdomain\n",
                    "path": "/home/abel/.ssh/authorized_keys"
                  }
                ]
              }
            ],
            "os_profile_secrets": [],
            "os_profile_windows_config": [],
            "plan": [],
            "primary_network_interface_id": null,
            "proximity_placement_group_id": null,
            "resource_group_name": "kubernetes-cluster",
            "storage_data_disk": [],
            "storage_image_reference": [
              {
                "id": "",
                "offer": "CentOS",
                "publisher": "OpenLogic",
                "sku": "8_3",
                "version": "latest"
              }
            ],
            "storage_os_disk": [
              {
                "caching": "ReadWrite",
                "create_option": "FromImage",
                "disk_size_gb": 30,
                "image_uri": "",
                "managed_disk_id": "/subscriptions/cf3e9f6d-fac4-4695-94a8-8d19dd9e753e/resourceGroups/kubernetes-cluster/providers/Microsoft.Compute/disks/worker01vmosdisk",
                "managed_disk_type": "Standard_LRS",
                "name": "worker01vmosdisk",
                "os_type": "Linux",
                "vhd_uri": "",
                "write_accelerator_enabled": false
              }
            ],
            "tags": {
              "environment": "staging"
            },
            "timeouts": null,
            "vm_size": "Standard_B1ms",
            "zones": []
          },
          "private": "eyJlMmJmYjczMC1lY2FhLTExZTYtOGY4OC0zNDM2M2JjN2M0YzAiOnsiY3JlYXRlIjozNjAwMDAwMDAwMDAwLCJkZWxldGUiOjM2MDAwMDAwMDAwMDAsInJlYWQiOjMwMDAwMDAwMDAwMCwidXBkYXRlIjozNjAwMDAwMDAwMDAwfX0=",
          "dependencies": [
            "azurerm_network_interface.worker01",
            "azurerm_resource_group.k8s"
          ]
        }
      ]
    },
    {
      "mode": "managed",
      "type": "azurerm_virtual_machine",
      "name": "worker02",
      "provider": "provider.azurerm",
      "instances": [
        {
          "schema_version": 0,
          "attributes": {
            "additional_capabilities": [],
            "availability_set_id": null,
            "boot_diagnostics": [],
            "delete_data_disks_on_termination": true,
            "delete_os_disk_on_termination": true,
            "id": "/subscriptions/cf3e9f6d-fac4-4695-94a8-8d19dd9e753e/resourceGroups/kubernetes-cluster/providers/Microsoft.Compute/virtualMachines/worker02vm",
            "identity": [],
            "license_type": null,
            "location": "westus2",
            "name": "worker02vm",
            "network_interface_ids": [
              "/subscriptions/cf3e9f6d-fac4-4695-94a8-8d19dd9e753e/resourceGroups/kubernetes-cluster/providers/Microsoft.Network/networkInterfaces/k8network-worker02"
            ],
            "os_profile": [
              {
                "admin_password": "",
                "admin_username": "abel",
                "computer_name": "worker02",
                "custom_data": ""
              }
            ],
            "os_profile_linux_config": [
              {
                "disable_password_authentication": true,
                "ssh_keys": [
                  {
                    "key_data": "ssh-rsa AAAAB3NzaC1yc2EAAAADAQABAAABAQCxo7zFCPs98l5sgcWo7ndnT/OgvvCratVjsq1QPSr7ZUs824l+BPB1Ojtu3jf/y0fkCoLQ3hdTbRHRbuJJQVN3Jli+VS9Dp8+QkwPhPZBcBfIhCJkVhX1axQgxl3a/2AVwuHk8IPYw09tZ6+DfFhyLv7BS7UI1+fA4LEb/z1Kl/KkMuNalIIaOmEh992G4fBzdsO9sMDDCqGDi7/DuaymFPOaJ6ZpSPF58lu7l6MPlJoZiKklJ8C6xIhso1Z3U+hi2VAdJf48JUL36rXQ8EPHbeZY6+8i1FMSbqUHzFnbgE7v6oh0nPHxJI3bookRwOeDd72Uivk9lw8WNFoqoPhup abel@localhost.localdomain\n",
                    "path": "/home/abel/.ssh/authorized_keys"
                  }
                ]
              }
            ],
            "os_profile_secrets": [],
            "os_profile_windows_config": [],
            "plan": [],
            "primary_network_interface_id": null,
            "proximity_placement_group_id": null,
            "resource_group_name": "kubernetes-cluster",
            "storage_data_disk": [],
            "storage_image_reference": [
              {
                "id": "",
                "offer": "CentOS",
                "publisher": "OpenLogic",
                "sku": "8_3",
                "version": "latest"
              }
            ],
            "storage_os_disk": [
              {
                "caching": "ReadWrite",
                "create_option": "FromImage",
                "disk_size_gb": 30,
                "image_uri": "",
                "managed_disk_id": "/subscriptions/cf3e9f6d-fac4-4695-94a8-8d19dd9e753e/resourceGroups/kubernetes-cluster/providers/Microsoft.Compute/disks/worker02vmosdisk",
                "managed_disk_type": "Standard_LRS",
                "name": "worker02vmosdisk",
                "os_type": "Linux",
                "vhd_uri": "",
                "write_accelerator_enabled": false
              }
            ],
            "tags": {
              "environment": "staging"
            },
            "timeouts": null,
            "vm_size": "Standard_B1ms",
            "zones": []
          },
          "private": "eyJlMmJmYjczMC1lY2FhLTExZTYtOGY4OC0zNDM2M2JjN2M0YzAiOnsiY3JlYXRlIjozNjAwMDAwMDAwMDAwLCJkZWxldGUiOjM2MDAwMDAwMDAwMDAsInJlYWQiOjMwMDAwMDAwMDAwMCwidXBkYXRlIjozNjAwMDAwMDAwMDAwfX0=",
          "dependencies": [
            "azurerm_network_interface.worker02",
            "azurerm_resource_group.k8s"
          ]
        }
      ]
    },
    {
      "mode": "managed",
      "type": "azurerm_virtual_network",
      "name": "k8s",
      "provider": "provider.azurerm",
      "instances": [
        {
          "schema_version": 0,
          "attributes": {
            "address_space": [
              "192.168.2.0/24"
            ],
            "bgp_community": "",
            "ddos_protection_plan": [],
            "dns_servers": [],
            "guid": "d2762be7-6a7d-400d-9647-bedaff14132e",
            "id": "/subscriptions/cf3e9f6d-fac4-4695-94a8-8d19dd9e753e/resourceGroups/kubernetes-cluster/providers/Microsoft.Network/virtualNetworks/k8s-network",
            "location": "westus2",
            "name": "k8s-network",
            "resource_group_name": "kubernetes-cluster",
            "subnet": [
              {
                "address_prefix": "192.168.2.0/24",
                "id": "/subscriptions/cf3e9f6d-fac4-4695-94a8-8d19dd9e753e/resourceGroups/kubernetes-cluster/providers/Microsoft.Network/virtualNetworks/k8s-network/subnets/k8s",
                "name": "k8s",
                "security_group": ""
              }
            ],
            "tags": {},
            "timeouts": null,
            "vm_protection_enabled": false
          },
          "private": "eyJlMmJmYjczMC1lY2FhLTExZTYtOGY4OC0zNDM2M2JjN2M0YzAiOnsiY3JlYXRlIjoxODAwMDAwMDAwMDAwLCJkZWxldGUiOjE4MDAwMDAwMDAwMDAsInJlYWQiOjMwMDAwMDAwMDAwMCwidXBkYXRlIjoxODAwMDAwMDAwMDAwfX0=",
          "dependencies": [
            "azurerm_resource_group.k8s"
          ]
        }
      ]
    },
    {
      "mode": "managed",
      "type": "null_resource",
      "name": "apps",
      "provider": "provider.null",
      "instances": [
        {
          "schema_version": 0,
          "attributes": {
            "id": "8368479157489896840",
            "triggers": null
          },
          "private": "bnVsbA==",
          "dependencies": [
            "azurerm_network_interface.k8s",
            "azurerm_network_interface.worker01",
            "azurerm_public_ip.bastion",
            "azurerm_resource_group.k8s",
            "azurerm_virtual_machine.worker01",
            "null_resource.master",
            "null_resource.worker01",
            "null_resource.worker02"
          ]
        }
      ]
    },
    {
      "mode": "managed",
      "type": "null_resource",
      "name": "master",
      "provider": "provider.null",
      "instances": [
        {
          "schema_version": 0,
          "attributes": {
            "id": "2629678136631671260",
            "triggers": null
          },
          "private": "bnVsbA==",
          "dependencies": [
            "azurerm_network_interface.k8s",
            "azurerm_public_ip.bastion",
            "azurerm_resource_group.k8s",
            "azurerm_subnet.k8s",
            "azurerm_virtual_machine.k8s",
            "azurerm_virtual_network.k8s"
          ]
        }
      ]
    },
    {
      "mode": "managed",
      "type": "null_resource",
      "name": "nfs",
      "provider": "provider.null",
      "instances": [
        {
          "schema_version": 0,
          "attributes": {
            "id": "2528593560928050743",
            "triggers": null
          },
          "private": "bnVsbA==",
          "dependencies": [
            "azurerm_managed_disk.nfs",
            "azurerm_network_interface.nfs",
            "azurerm_public_ip.bastion",
            "azurerm_resource_group.k8s",
            "azurerm_subnet.k8s",
            "azurerm_virtual_machine.nfs",
            "azurerm_virtual_network.k8s"
          ]
        }
      ]
    },
    {
      "mode": "managed",
      "type": "null_resource",
      "name": "worker01",
      "provider": "provider.null",
      "instances": [
        {
          "schema_version": 0,
          "attributes": {
            "id": "3784610597242265854",
            "triggers": null
          },
          "private": "bnVsbA==",
          "dependencies": [
            "azurerm_network_interface.k8s",
            "azurerm_network_interface.worker01",
            "azurerm_public_ip.bastion",
            "azurerm_resource_group.k8s",
            "azurerm_subnet.k8s",
            "azurerm_virtual_machine.k8s",
            "azurerm_virtual_machine.worker01",
            "azurerm_virtual_network.k8s",
            "null_resource.master"
          ]
        }
      ]
    },
    {
      "mode": "managed",
      "type": "null_resource",
      "name": "worker02",
      "provider": "provider.null",
      "instances": [
        {
          "schema_version": 0,
          "attributes": {
            "id": "8616352465689816248",
            "triggers": null
          },
          "private": "bnVsbA==",
          "dependencies": [
            "azurerm_network_interface.k8s",
            "azurerm_network_interface.worker02",
            "azurerm_public_ip.bastion",
            "azurerm_resource_group.k8s",
            "azurerm_subnet.k8s",
            "azurerm_virtual_machine.k8s",
            "azurerm_virtual_machine.worker02",
            "azurerm_virtual_network.k8s",
            "null_resource.master"
          ]
        }
      ]
    }
  ]
}
